
Microsoft Visual Studio Solution File, Format Version 12.00
# Visual Studio Version 16
VisualStudioVersion = 16.0.29519.181
MinimumVisualStudioVersion = 10.0.40219.1
Project("{FAE04EC0-301F-11D3-BF4B-00C04F79EFBC}") = "MetroFramework", "MetroFramework\MetroFramework.csproj", "{BB41AC8B-CBED-4387-A7E0-4567EDB3F57F}"
EndProject
Project("{FAE04EC0-301F-11D3-BF4B-00C04F79EFBC}") = "MetroFramework.Demo", "MetroFramework.Demo\MetroFramework.Demo.csproj", "{AF988819-4618-4852-9506-C1D06D04F6B2}"
EndProject
Project("{FAE04EC0-301F-11D3-BF4B-00C04F79EFBC}") = "MetroFramework.Tests", "MetroFramework.Tests\MetroFramework.Tests.csproj", "{344A1F4F-85A1-4AB7-82E7-025C1F4AE705}"
EndProject
Project("{2150E333-8FDC-42A3-9474-1A3956D46DE8}") = "samples", "samples", "{5D20AA90-6969-D8BD-9DCD-8634F4692FDA}"
EndProject
Project("{FAE04EC0-301F-11D3-BF4B-00C04F79EFBC}") = "MetroFramework.Samples", "samples\MetroFramework.Samples\MetroFramework.Samples.csproj", "{B0C795D7-9E78-4CDF-8FA8-5F4635BE3B0B}"
EndProject
Project("{2150E333-8FDC-42A3-9474-1A3956D46DE8}") = "MetroFramework.AspireSample", "MetroFramework.AspireSample", "{2774A3B5-3F7D-9080-32C6-AC9E3650B986}"
EndProject
Project("{FAE04EC0-301F-11D3-BF4B-00C04F79EFBC}") = "MetroFramework.ServiceDefaults", "samples\MetroFramework.AspireSample\MetroFramework.ServiceDefaults\MetroFramework.ServiceDefaults.csproj", "{9C6D74F0-EA03-4108-BEE6-703C7C56C2A0}"
EndProject
Project("{FAE04EC0-301F-11D3-BF4B-00C04F79EFBC}") = "MetroFramework.WebApi", "samples\MetroFramework.AspireSample\MetroFramework.WebApi\MetroFramework.WebApi.csproj", "{0050EDD4-7816-41B8-A1F8-4A0D3E6D09D0}"
EndProject
Project("{FAE04EC0-301F-11D3-BF4B-00C04F79EFBC}") = "MetroFramework.ApiClient", "samples\MetroFramework.AspireSample\MetroFramework.ApiClient\MetroFramework.ApiClient.csproj", "{FDD50B76-13A9-4784-8B50-35E17E0372CE}"
EndProject
Project("{FAE04EC0-301F-11D3-BF4B-00C04F79EFBC}") = "MetroFramework.AppHost", "samples\MetroFramework.AspireSample\MetroFramework.AppHost\MetroFramework.AppHost.csproj", "{2B6788C3-946E-4C49-AB3D-F0CDE84EC3F7}"
EndProject
Global
	GlobalSection(SolutionConfigurationPlatforms) = preSolution
		Debug|Any CPU = Debug|Any CPU
		Debug|x64 = Debug|x64
		Debug|x86 = Debug|x86
		Release|Any CPU = Release|Any CPU
		Release|x64 = Release|x64
		Release|x86 = Release|x86
	EndGlobalSection
	GlobalSection(ProjectConfigurationPlatforms) = postSolution
		{BB41AC8B-CBED-4387-A7E0-4567EDB3F57F}.Debug|Any CPU.ActiveCfg = Debug|Any CPU
		{BB41AC8B-CBED-4387-A7E0-4567EDB3F57F}.Debug|Any CPU.Build.0 = Debug|Any CPU
		{BB41AC8B-CBED-4387-A7E0-4567EDB3F57F}.Debug|x64.ActiveCfg = Debug|Any CPU
		{BB41AC8B-CBED-4387-A7E0-4567EDB3F57F}.Debug|x64.Build.0 = Debug|Any CPU
		{BB41AC8B-CBED-4387-A7E0-4567EDB3F57F}.Debug|x86.ActiveCfg = Debug|Any CPU
		{BB41AC8B-CBED-4387-A7E0-4567EDB3F57F}.Debug|x86.Build.0 = Debug|Any CPU
		{BB41AC8B-CBED-4387-A7E0-4567EDB3F57F}.Release|Any CPU.ActiveCfg = Release|Any CPU
		{BB41AC8B-CBED-4387-A7E0-4567EDB3F57F}.Release|Any CPU.Build.0 = Release|Any CPU
		{BB41AC8B-CBED-4387-A7E0-4567EDB3F57F}.Release|x64.ActiveCfg = Release|Any CPU
		{BB41AC8B-CBED-4387-A7E0-4567EDB3F57F}.Release|x64.Build.0 = Release|Any CPU
		{BB41AC8B-CBED-4387-A7E0-4567EDB3F57F}.Release|x86.ActiveCfg = Release|Any CPU
		{BB41AC8B-CBED-4387-A7E0-4567EDB3F57F}.Release|x86.Build.0 = Release|Any CPU
		{AF988819-4618-4852-9506-C1D06D04F6B2}.Debug|Any CPU.ActiveCfg = Debug|Any CPU
		{AF988819-4618-4852-9506-C1D06D04F6B2}.Debug|Any CPU.Build.0 = Debug|Any CPU
		{AF988819-4618-4852-9506-C1D06D04F6B2}.Debug|x64.ActiveCfg = Debug|Any CPU
		{AF988819-4618-4852-9506-C1D06D04F6B2}.Debug|x64.Build.0 = Debug|Any CPU
		{AF988819-4618-4852-9506-C1D06D04F6B2}.Debug|x86.ActiveCfg = Debug|Any CPU
		{AF988819-4618-4852-9506-C1D06D04F6B2}.Debug|x86.Build.0 = Debug|Any CPU
		{AF988819-4618-4852-9506-C1D06D04F6B2}.Release|Any CPU.ActiveCfg = Release|Any CPU
		{AF988819-4618-4852-9506-C1D06D04F6B2}.Release|Any CPU.Build.0 = Release|Any CPU
		{AF988819-4618-4852-9506-C1D06D04F6B2}.Release|x64.ActiveCfg = Release|Any CPU
		{AF988819-4618-4852-9506-C1D06D04F6B2}.Release|x64.Build.0 = Release|Any CPU
		{AF988819-4618-4852-9506-C1D06D04F6B2}.Release|x86.ActiveCfg = Release|Any CPU
		{AF988819-4618-4852-9506-C1D06D04F6B2}.Release|x86.Build.0 = Release|Any CPU
		{344A1F4F-85A1-4AB7-82E7-025C1F4AE705}.Debug|Any CPU.ActiveCfg = Debug|Any CPU
		{344A1F4F-85A1-4AB7-82E7-025C1F4AE705}.Debug|Any CPU.Build.0 = Debug|Any CPU
		{344A1F4F-85A1-4AB7-82E7-025C1F4AE705}.Debug|x64.ActiveCfg = Debug|Any CPU
		{344A1F4F-85A1-4AB7-82E7-025C1F4AE705}.Debug|x64.Build.0 = Debug|Any CPU
		{344A1F4F-85A1-4AB7-82E7-025C1F4AE705}.Debug|x86.ActiveCfg = Debug|Any CPU
		{344A1F4F-85A1-4AB7-82E7-025C1F4AE705}.Debug|x86.Build.0 = Debug|Any CPU
		{344A1F4F-85A1-4AB7-82E7-025C1F4AE705}.Release|Any CPU.ActiveCfg = Release|Any CPU
		{344A1F4F-85A1-4AB7-82E7-025C1F4AE705}.Release|Any CPU.Build.0 = Release|Any CPU
		{344A1F4F-85A1-4AB7-82E7-025C1F4AE705}.Release|x64.ActiveCfg = Release|Any CPU
		{344A1F4F-85A1-4AB7-82E7-025C1F4AE705}.Release|x64.Build.0 = Release|Any CPU
		{344A1F4F-85A1-4AB7-82E7-025C1F4AE705}.Release|x86.ActiveCfg = Release|Any CPU
		{344A1F4F-85A1-4AB7-82E7-025C1F4AE705}.Release|x86.Build.0 = Release|Any CPU
		{B0C795D7-9E78-4CDF-8FA8-5F4635BE3B0B}.Debug|Any CPU.ActiveCfg = Debug|Any CPU
		{B0C795D7-9E78-4CDF-8FA8-5F4635BE3B0B}.Debug|Any CPU.Build.0 = Debug|Any CPU
		{B0C795D7-9E78-4CDF-8FA8-5F4635BE3B0B}.Debug|x64.ActiveCfg = Debug|Any CPU
		{B0C795D7-9E78-4CDF-8FA8-5F4635BE3B0B}.Debug|x64.Build.0 = Debug|Any CPU
		{B0C795D7-9E78-4CDF-8FA8-5F4635BE3B0B}.Debug|x86.ActiveCfg = Debug|Any CPU
		{B0C795D7-9E78-4CDF-8FA8-5F4635BE3B0B}.Debug|x86.Build.0 = Debug|Any CPU
		{B0C795D7-9E78-4CDF-8FA8-5F4635BE3B0B}.Release|Any CPU.ActiveCfg = Release|Any CPU
		{B0C795D7-9E78-4CDF-8FA8-5F4635BE3B0B}.Release|Any CPU.Build.0 = Release|Any CPU
		{B0C795D7-9E78-4CDF-8FA8-5F4635BE3B0B}.Release|x64.ActiveCfg = Release|Any CPU
		{B0C795D7-9E78-4CDF-8FA8-5F4635BE3B0B}.Release|x64.Build.0 = Release|Any CPU
		{B0C795D7-9E78-4CDF-8FA8-5F4635BE3B0B}.Release|x86.ActiveCfg = Release|Any CPU
		{B0C795D7-9E78-4CDF-8FA8-5F4635BE3B0B}.Release|x86.Build.0 = Release|Any CPU
		{9C6D74F0-EA03-4108-BEE6-703C7C56C2A0}.Debug|Any CPU.ActiveCfg = Debug|Any CPU
		{9C6D74F0-EA03-4108-BEE6-703C7C56C2A0}.Debug|Any CPU.Build.0 = Debug|Any CPU
		{9C6D74F0-EA03-4108-BEE6-703C7C56C2A0}.Debug|x64.ActiveCfg = Debug|Any CPU
		{9C6D74F0-EA03-4108-BEE6-703C7C56C2A0}.Debug|x64.Build.0 = Debug|Any CPU
		{9C6D74F0-EA03-4108-BEE6-703C7C56C2A0}.Debug|x86.ActiveCfg = Debug|Any CPU
		{9C6D74F0-EA03-4108-BEE6-703C7C56C2A0}.Debug|x86.Build.0 = Debug|Any CPU
		{9C6D74F0-EA03-4108-BEE6-703C7C56C2A0}.Release|Any CPU.ActiveCfg = Release|Any CPU
		{9C6D74F0-EA03-4108-BEE6-703C7C56C2A0}.Release|Any CPU.Build.0 = Release|Any CPU
		{9C6D74F0-EA03-4108-BEE6-703C7C56C2A0}.Release|x64.ActiveCfg = Release|Any CPU
		{9C6D74F0-EA03-4108-BEE6-703C7C56C2A0}.Release|x64.Build.0 = Release|Any CPU
		{9C6D74F0-EA03-4108-BEE6-703C7C56C2A0}.Release|x86.ActiveCfg = Release|Any CPU
		{9C6D74F0-EA03-4108-BEE6-703C7C56C2A0}.Release|x86.Build.0 = Release|Any CPU
		{0050EDD4-7816-41B8-A1F8-4A0D3E6D09D0}.Debug|Any CPU.ActiveCfg = Debug|Any CPU
		{0050EDD4-7816-41B8-A1F8-4A0D3E6D09D0}.Debug|Any CPU.Build.0 = Debug|Any CPU
		{0050EDD4-7816-41B8-A1F8-4A0D3E6D09D0}.Debug|x64.ActiveCfg = Debug|Any CPU
		{0050EDD4-7816-41B8-A1F8-4A0D3E6D09D0}.Debug|x64.Build.0 = Debug|Any CPU
		{0050EDD4-7816-41B8-A1F8-4A0D3E6D09D0}.Debug|x86.ActiveCfg = Debug|Any CPU
		{0050EDD4-7816-41B8-A1F8-4A0D3E6D09D0}.Debug|x86.Build.0 = Debug|Any CPU
		{0050EDD4-7816-41B8-A1F8-4A0D3E6D09D0}.Release|Any CPU.ActiveCfg = Release|Any CPU
		{0050EDD4-7816-41B8-A1F8-4A0D3E6D09D0}.Release|Any CPU.Build.0 = Release|Any CPU
		{0050EDD4-7816-41B8-A1F8-4A0D3E6D09D0}.Release|x64.ActiveCfg = Release|Any CPU
		{0050EDD4-7816-41B8-A1F8-4A0D3E6D09D0}.Release|x64.Build.0 = Release|Any CPU
		{0050EDD4-7816-41B8-A1F8-4A0D3E6D09D0}.Release|x86.ActiveCfg = Release|Any CPU
		{0050EDD4-7816-41B8-A1F8-4A0D3E6D09D0}.Release|x86.Build.0 = Release|Any CPU
		{FDD50B76-13A9-4784-8B50-35E17E0372CE}.Debug|Any CPU.ActiveCfg = Debug|Any CPU
		{FDD50B76-13A9-4784-8B50-35E17E0372CE}.Debug|Any CPU.Build.0 = Debug|Any CPU
		{FDD50B76-13A9-4784-8B50-35E17E0372CE}.Debug|x64.ActiveCfg = Debug|Any CPU
		{FDD50B76-13A9-4784-8B50-35E17E0372CE}.Debug|x64.Build.0 = Debug|Any CPU
		{FDD50B76-13A9-4784-8B50-35E17E0372CE}.Debug|x86.ActiveCfg = Debug|Any CPU
		{FDD50B76-13A9-4784-8B50-35E17E0372CE}.Debug|x86.Build.0 = Debug|Any CPU
		{FDD50B76-13A9-4784-8B50-35E17E0372CE}.Release|Any CPU.ActiveCfg = Release|Any CPU
		{FDD50B76-13A9-4784-8B50-35E17E0372CE}.Release|Any CPU.Build.0 = Release|Any CPU
		{FDD50B76-13A9-4784-8B50-35E17E0372CE}.Release|x64.ActiveCfg = Release|Any CPU
		{FDD50B76-13A9-4784-8B50-35E17E0372CE}.Release|x64.Build.0 = Release|Any CPU
		{FDD50B76-13A9-4784-8B50-35E17E0372CE}.Release|x86.ActiveCfg = Release|Any CPU
		{FDD50B76-13A9-4784-8B50-35E17E0372CE}.Release|x86.Build.0 = Release|Any CPU
		{2B6788C3-946E-4C49-AB3D-F0CDE84EC3F7}.Debug|Any CPU.ActiveCfg = Debug|Any CPU
		{2B6788C3-946E-4C49-AB3D-F0CDE84EC3F7}.Debug|Any CPU.Build.0 = Debug|Any CPU
		{2B6788C3-946E-4C49-AB3D-F0CDE84EC3F7}.Debug|x64.ActiveCfg = Debug|Any CPU
		{2B6788C3-946E-4C49-AB3D-F0CDE84EC3F7}.Debug|x64.Build.0 = Debug|Any CPU
		{2B6788C3-946E-4C49-AB3D-F0CDE84EC3F7}.Debug|x86.ActiveCfg = Debug|Any CPU
		{2B6788C3-946E-4C49-AB3D-F0CDE84EC3F7}.Debug|x86.Build.0 = Debug|Any CPU
		{2B6788C3-946E-4C49-AB3D-F0CDE84EC3F7}.Release|Any CPU.ActiveCfg = Release|Any CPU
		{2B6788C3-946E-4C49-AB3D-F0CDE84EC3F7}.Release|Any CPU.Build.0 = Release|Any CPU
		{2B6788C3-946E-4C49-AB3D-F0CDE84EC3F7}.Release|x64.ActiveCfg = Release|Any CPU
		{2B6788C3-946E-4C49-AB3D-F0CDE84EC3F7}.Release|x64.Build.0 = Release|Any CPU
		{2B6788C3-946E-4C49-AB3D-F0CDE84EC3F7}.Release|x86.ActiveCfg = Release|Any CPU
		{2B6788C3-946E-4C49-AB3D-F0CDE84EC3F7}.Release|x86.Build.0 = Release|Any CPU
	EndGlobalSection
	GlobalSection(SolutionProperties) = preSolution
		HideSolutionNode = FALSE
	EndGlobalSection
	GlobalSection(NestedProjects) = preSolution
		{B0C795D7-9E78-4CDF-8FA8-5F4635BE3B0B} = {5D20AA90-6969-D8BD-9DCD-8634F4692FDA}
		{2774A3B5-3F7D-9080-32C6-AC9E3650B986} = {5D20AA90-6969-D8BD-9DCD-8634F4692FDA}
		{9C6D74F0-EA03-4108-BEE6-703C7C56C2A0} = {2774A3B5-3F7D-9080-32C6-AC9E3650B986}
		{0050EDD4-7816-41B8-A1F8-4A0D3E6D09D0} = {2774A3B5-3F7D-9080-32C6-AC9E3650B986}
		{FDD50B76-13A9-4784-8B50-35E17E0372CE} = {2774A3B5-3F7D-9080-32C6-AC9E3650B986}
		{2B6788C3-946E-4C49-AB3D-F0CDE84EC3F7} = {2774A3B5-3F7D-9080-32C6-AC9E3650B986}
	EndGlobalSection
	GlobalSection(ExtensibilityGlobals) = postSolution
		SolutionGuid = {0326C665-B656-4F97-90AD-852A55F858E2}
	EndGlobalSection
EndGlobal
